// !$*UTF8*$!
{
	archiveVersion = 1;
	classes = {
	};
	objectVersion = 46;
	objects = {

/* Begin PBXBuildFile section */
		80A252EC1A7C1CDE00F2B992 /* AppDelegate.swift in Sources */ = {isa = PBXBuildFile; fileRef = 80A252EB1A7C1CDE00F2B992 /* AppDelegate.swift */; };
		80A252EF1A7C1CDE00F2B992 /* poopn.xcdatamodeld in Sources */ = {isa = PBXBuildFile; fileRef = 80A252ED1A7C1CDE00F2B992 /* poopn.xcdatamodeld */; };
		80A252F11A7C1CDE00F2B992 /* ViewController.swift in Sources */ = {isa = PBXBuildFile; fileRef = 80A252F01A7C1CDE00F2B992 /* ViewController.swift */; };
		80A252F41A7C1CDE00F2B992 /* Main.storyboard in Resources */ = {isa = PBXBuildFile; fileRef = 80A252F21A7C1CDE00F2B992 /* Main.storyboard */; };
		80A252F61A7C1CDE00F2B992 /* Images.xcassets in Resources */ = {isa = PBXBuildFile; fileRef = 80A252F51A7C1CDE00F2B992 /* Images.xcassets */; };
		80A252F91A7C1CDE00F2B992 /* LaunchScreen.xib in Resources */ = {isa = PBXBuildFile; fileRef = 80A252F71A7C1CDE00F2B992 /* LaunchScreen.xib */; };
		80A253051A7C1CDE00F2B992 /* poopnTests.swift in Sources */ = {isa = PBXBuildFile; fileRef = 80A253041A7C1CDE00F2B992 /* poopnTests.swift */; };
		80A253101A7C1D3200F2B992 /* Test.swift in Sources */ = {isa = PBXBuildFile; fileRef = 80A2530F1A7C1D3200F2B992 /* Test.swift */; };
		80A253111A7C1D8A00F2B992 /* ViewController.swift in Sources */ = {isa = PBXBuildFile; fileRef = 80A252F01A7C1CDE00F2B992 /* ViewController.swift */; };
/* End PBXBuildFile section */

/* Begin PBXContainerItemProxy section */
		80A252FF1A7C1CDE00F2B992 /* PBXContainerItemProxy */ = {
			isa = PBXContainerItemProxy;
			containerPortal = 80A252DE1A7C1CDE00F2B992 /* Project object */;
			proxyType = 1;
			remoteGlobalIDString = 80A252E51A7C1CDE00F2B992;
			remoteInfo = poopn;
		};
/* End PBXContainerItemProxy section */

/* Begin PBXFileReference section */
		80A252E61A7C1CDE00F2B992 /* poopn.app */ = {isa = PBXFileReference; explicitFileType = wrapper.application; includeInIndex = 0; path = poopn.app; sourceTree = BUILT_PRODUCTS_DIR; };
		80A252EA1A7C1CDE00F2B992 /* Info.plist */ = {isa = PBXFileReference; lastKnownFileType = text.plist.xml; path = Info.plist; sourceTree = "<group>"; };
		80A252EB1A7C1CDE00F2B992 /* AppDelegate.swift */ = {isa = PBXFileReference; lastKnownFileType = sourcecode.swift; path = AppDelegate.swift; sourceTree = "<group>"; };
		80A252EE1A7C1CDE00F2B992 /* poopn.xcdatamodel */ = {isa = PBXFileReference; lastKnownFileType = wrapper.xcdatamodel; path = poopn.xcdatamodel; sourceTree = "<group>"; };
		80A252F01A7C1CDE00F2B992 /* ViewController.swift */ = {isa = PBXFileReference; lastKnownFileType = sourcecode.swift; path = ViewController.swift; sourceTree = "<group>"; };
		80A252F31A7C1CDE00F2B992 /* Base */ = {isa = PBXFileReference; lastKnownFileType = file.storyboard; name = Base; path = Base.lproj/Main.storyboard; sourceTree = "<group>"; };
		80A252F51A7C1CDE00F2B992 /* Images.xcassets */ = {isa = PBXFileReference; lastKnownFileType = folder.assetcatalog; path = Images.xcassets; sourceTree = "<group>"; };
		80A252F81A7C1CDE00F2B992 /* Base */ = {isa = PBXFileReference; lastKnownFileType = file.xib; name = Base; path = Base.lproj/LaunchScreen.xib; sourceTree = "<group>"; };
		80A252FE1A7C1CDE00F2B992 /* poopnTests.xctest */ = {isa = PBXFileReference; explicitFileType = wrapper.cfbundle; includeInIndex = 0; path = poopnTests.xctest; sourceTree = BUILT_PRODUCTS_DIR; };
		80A253031A7C1CDE00F2B992 /* Info.plist */ = {isa = PBXFileReference; lastKnownFileType = text.plist.xml; path = Info.plist; sourceTree = "<group>"; };
		80A253041A7C1CDE00F2B992 /* poopnTests.swift */ = {isa = PBXFileReference; lastKnownFileType = sourcecode.swift; path = poopnTests.swift; sourceTree = "<group>"; };
		80A2530F1A7C1D3200F2B992 /* Test.swift */ = {isa = PBXFileReference; fileEncoding = 4; lastKnownFileType = sourcecode.swift; path = Test.swift; sourceTree = "<group>"; };
/* End PBXFileReference section */

/* Begin PBXFrameworksBuildPhase section */
		80A252E31A7C1CDE00F2B992 /* Frameworks */ = {
			isa = PBXFrameworksBuildPhase;
			buildActionMask = 2147483647;
			files = (
			);
			runOnlyForDeploymentPostprocessing = 0;
		};
		80A252FB1A7C1CDE00F2B992 /* Frameworks */ = {
			isa = PBXFrameworksBuildPhase;
			buildActionMask = 2147483647;
			files = (
			);
			runOnlyForDeploymentPostprocessing = 0;
		};
/* End PBXFrameworksBuildPhase section */

/* Begin PBXGroup section */
		80A252DD1A7C1CDE00F2B992 = {
			isa = PBXGroup;
			children = (
				80A252E81A7C1CDE00F2B992 /* poopn */,
				80A253011A7C1CDE00F2B992 /* poopnTests */,
				80A252E71A7C1CDE00F2B992 /* Products */,
			);
			sourceTree = "<group>";
		};
		80A252E71A7C1CDE00F2B992 /* Products */ = {
			isa = PBXGroup;
			children = (
				80A252E61A7C1CDE00F2B992 /* poopn.app */,
				80A252FE1A7C1CDE00F2B992 /* poopnTests.xctest */,
			);
			name = Products;
			sourceTree = "<group>";
		};
		80A252E81A7C1CDE00F2B992 /* poopn */ = {
			isa = PBXGroup;
			children = (
				80A252EB1A7C1CDE00F2B992 /* AppDelegate.swift */,
				80A252F01A7C1CDE00F2B992 /* ViewController.swift */,
				80A252F21A7C1CDE00F2B992 /* Main.storyboard */,
				80A252F51A7C1CDE00F2B992 /* Images.xcassets */,
				80A252F71A7C1CDE00F2B992 /* LaunchScreen.xib */,
				80A252ED1A7C1CDE00F2B992 /* poopn.xcdatamodeld */,
				80A252E91A7C1CDE00F2B992 /* Supporting Files */,
			);
			path = poopn;
			sourceTree = "<group>";
		};
		80A252E91A7C1CDE00F2B992 /* Supporting Files */ = {
			isa = PBXGroup;
			children = (
				80A252EA1A7C1CDE00F2B992 /* Info.plist */,
			);
			name = "Supporting Files";
			sourceTree = "<group>";
		};
		80A253011A7C1CDE00F2B992 /* poopnTests */ = {
			isa = PBXGroup;
			children = (
				80A253041A7C1CDE00F2B992 /* poopnTests.swift */,
				80A253021A7C1CDE00F2B992 /* Supporting Files */,
				80A2530F1A7C1D3200F2B992 /* Test.swift */,
			);
			path = poopnTests;
			sourceTree = "<group>";
		};
		80A253021A7C1CDE00F2B992 /* Supporting Files */ = {
			isa = PBXGroup;
			children = (
				80A253031A7C1CDE00F2B992 /* Info.plist */,
			);
			name = "Supporting Files";
			sourceTree = "<group>";
		};
/* End PBXGroup section */

/* Begin PBXNativeTarget section */
		80A252E51A7C1CDE00F2B992 /* poopn */ = {
			isa = PBXNativeTarget;
			buildConfigurationList = 80A253081A7C1CDE00F2B992 /* Build configuration list for PBXNativeTarget "poopn" */;
			buildPhases = (
				80A252E21A7C1CDE00F2B992 /* Sources */,
				80A252E31A7C1CDE00F2B992 /* Frameworks */,
				80A252E41A7C1CDE00F2B992 /* Resources */,
			);
			buildRules = (
			);
			dependencies = (
			);
			name = poopn;
			productName = poopn;
			productReference = 80A252E61A7C1CDE00F2B992 /* poopn.app */;
			productType = "com.apple.product-type.application";
		};
		80A252FD1A7C1CDE00F2B992 /* poopnTests */ = {
			isa = PBXNativeTarget;
			buildConfigurationList = 80A2530B1A7C1CDE00F2B992 /* Build configuration list for PBXNativeTarget "poopnTests" */;
			buildPhases = (
				80A252FA1A7C1CDE00F2B992 /* Sources */,
				80A252FB1A7C1CDE00F2B992 /* Frameworks */,
				80A252FC1A7C1CDE00F2B992 /* Resources */,
			);
			buildRules = (
			);
			dependencies = (
				80A253001A7C1CDE00F2B992 /* PBXTargetDependency */,
			);
			name = poopnTests;
			productName = poopnTests;
			productReference = 80A252FE1A7C1CDE00F2B992 /* poopnTests.xctest */;
			productType = "com.apple.product-type.bundle.unit-test";
		};
/* End PBXNativeTarget section */

/* Begin PBXProject section */
		80A252DE1A7C1CDE00F2B992 /* Project object */ = {
			isa = PBXProject;
			attributes = {
				LastUpgradeCheck = 0610;
				ORGANIZATIONNAME = "Lukas Ingelheim";
				TargetAttributes = {
					80A252E51A7C1CDE00F2B992 = {
						CreatedOnToolsVersion = 6.1.1;
					};
					80A252FD1A7C1CDE00F2B992 = {
						CreatedOnToolsVersion = 6.1.1;
						TestTargetID = 80A252E51A7C1CDE00F2B992;
					};
				};
			};
			buildConfigurationList = 80A252E11A7C1CDE00F2B992 /* Build configuration list for PBXProject "poopn" */;
			compatibilityVersion = "Xcode 3.2";
			developmentRegion = English;
			hasScannedForEncodings = 0;
			knownRegions = (
				en,
				Base,
			);
			mainGroup = 80A252DD1A7C1CDE00F2B992;
			productRefGroup = 80A252E71A7C1CDE00F2B992 /* Products */;
			projectDirPath = "";
			projectRoot = "";
			targets = (
				80A252E51A7C1CDE00F2B992 /* poopn */,
				80A252FD1A7C1CDE00F2B992 /* poopnTests */,
			);
		};
/* End PBXProject section */

/* Begin PBXResourcesBuildPhase section */
		80A252E41A7C1CDE00F2B992 /* Resources */ = {
			isa = PBXResourcesBuildPhase;
			buildActionMask = 2147483647;
			files = (
				80A252F41A7C1CDE00F2B992 /* Main.storyboard in Resources */,
				80A252F91A7C1CDE00F2B992 /* LaunchScreen.xib in Resources */,
				80A252F61A7C1CDE00F2B992 /* Images.xcassets in Resources */,
			);
			runOnlyForDeploymentPostprocessing = 0;
		};
		80A252FC1A7C1CDE00F2B992 /* Resources */ = {
			isa = PBXResourcesBuildPhase;
			buildActionMask = 2147483647;
			files = (
			);
			runOnlyForDeploymentPostprocessing = 0;
		};
/* End PBXResourcesBuildPhase section */

/* Begin PBXSourcesBuildPhase section */
		80A252E21A7C1CDE00F2B992 /* Sources */ = {
			isa = PBXSourcesBuildPhase;
			buildActionMask = 2147483647;
			files = (
				80A252F11A7C1CDE00F2B992 /* ViewController.swift in Sources */,
				80A252EF1A7C1CDE00F2B992 /* poopn.xcdatamodeld in Sources */,
				80A252EC1A7C1CDE00F2B992 /* AppDelegate.swift in Sources */,
			);
			runOnlyForDeploymentPostprocessing = 0;
		};
		80A252FA1A7C1CDE00F2B992 /* Sources */ = {
			isa = PBXSourcesBuildPhase;
			buildActionMask = 2147483647;
			files = (
				80A253111A7C1D8A00F2B992 /* ViewController.swift in Sources */,
				80A253051A7C1CDE00F2B992 /* poopnTests.swift in Sources */,
				80A253101A7C1D3200F2B992 /* Test.swift in Sources */,
			);
			runOnlyForDeploymentPostprocessing = 0;
		};
/* End PBXSourcesBuildPhase section */

/* Begin PBXTargetDependency section */
		80A253001A7C1CDE00F2B992 /* PBXTargetDependency */ = {
			isa = PBXTargetDependency;
			target = 80A252E51A7C1CDE00F2B992 /* poopn */;
			targetProxy = 80A252FF1A7C1CDE00F2B992 /* PBXContainerItemProxy */;
		};
/* End PBXTargetDependency section */

/* Begin PBXVariantGroup section */
		80A252F21A7C1CDE00F2B992 /* Main.storyboard */ = {
			isa = PBXVariantGroup;
			children = (
				80A252F31A7C1CDE00F2B992 /* Base */,
			);
			name = Main.storyboard;
			sourceTree = "<group>";
		};
		80A252F71A7C1CDE00F2B992 /* LaunchScreen.xib */ = {
			isa = PBXVariantGroup;
			children = (
				80A252F81A7C1CDE00F2B992 /* Base */,
			);
			name = LaunchScreen.xib;
			sourceTree = "<group>";
		};
/* End PBXVariantGroup section */

/* Begin XCBuildConfiguration section */
		80A253061A7C1CDE00F2B992 /* Debug */ = {
			isa = XCBuildConfiguration;
			buildSettings = {
				ALWAYS_SEARCH_USER_PATHS = NO;
				CLANG_CXX_LANGUAGE_STANDARD = "gnu++0x";
				CLANG_CXX_LIBRARY = "libc++";
				CLANG_ENABLE_MODULES = YES;
				CLANG_ENABLE_OBJC_ARC = YES;
				CLANG_WARN_BOOL_CONVERSION = YES;
				CLANG_WARN_CONSTANT_CONVERSION = YES;
				CLANG_WARN_DIRECT_OBJC_ISA_USAGE = YES_ERROR;
				CLANG_WARN_EMPTY_BODY = YES;
				CLANG_WARN_ENUM_CONVERSION = YES;
				CLANG_WARN_INT_CONVERSION = YES;
				CLANG_WARN_OBJC_ROOT_CLASS = YES_ERROR;
				CLANG_WARN_UNREACHABLE_CODE = YES;
				CLANG_WARN__DUPLICATE_METHOD_MATCH = YES;
				"CODE_SIGN_IDENTITY[sdk=iphoneos*]" = "iPhone Developer";
				COPY_PHASE_STRIP = NO;
				ENABLE_STRICT_OBJC_MSGSEND = YES;
				GCC_C_LANGUAGE_STANDARD = gnu99;
				GCC_DYNAMIC_NO_PIC = NO;
				GCC_OPTIMIZATION_LEVEL = 0;
				GCC_PREPROCESSOR_DEFINITIONS = (
					"DEBUG=1",
					"$(inherited)",
				);
				GCC_SYMBOLS_PRIVATE_EXTERN = NO;
				GCC_WARN_64_TO_32_BIT_CONVERSION = YES;
				GCC_WARN_ABOUT_RETURN_TYPE = YES_ERROR;
				GCC_WARN_UNDECLARED_SELECTOR = YES;
				GCC_WARN_UNINITIALIZED_AUTOS = YES_AGGRESSIVE;
				GCC_WARN_UNUSED_FUNCTION = YES;
				GCC_WARN_UNUSED_VARIABLE = YES;
				IPHONEOS_DEPLOYMENT_TARGET = 8.1;
				MTL_ENABLE_DEBUG_INFO = YES;
				ONLY_ACTIVE_ARCH = YES;
				SDKROOT = iphoneos;
				SWIFT_OPTIMIZATION_LEVEL = "-Onone";
			};
			name = Debug;
		};
		80A253071A7C1CDE00F2B992 /* Release */ = {
			isa = XCBuildConfiguration;
			buildSettings = {
				ALWAYS_SEARCH_USER_PATHS = NO;
				CLANG_CXX_LANGUAGE_STANDARD = "gnu++0x";
				CLANG_CXX_LIBRARY = "libc++";
				CLANG_ENABLE_MODULES = YES;
				CLANG_ENABLE_OBJC_ARC = YES;
				CLANG_WARN_BOOL_CONVERSION = YES;
				CLANG_WARN_CONSTANT_CONVERSION = YES;
				CLANG_WARN_DIRECT_OBJC_ISA_USAGE = YES_ERROR;
				CLANG_WARN_EMPTY_BODY = YES;
				CLANG_WARN_ENUM_CONVERSION = YES;
				CLANG_WARN_INT_CONVERSION = YES;
				CLANG_WARN_OBJC_ROOT_CLASS = YES_ERROR;
				CLANG_WARN_UNREACHABLE_CODE = YES;
				CLANG_WARN__DUPLICATE_METHOD_MATCH = YES;
				"CODE_SIGN_IDENTITY[sdk=iphoneos*]" = "iPhone Developer";
				COPY_PHASE_STRIP = YES;
				ENABLE_NS_ASSERTIONS = NO;
				ENABLE_STRICT_OBJC_MSGSEND = YES;
				GCC_C_LANGUAGE_STANDARD = gnu99;
				GCC_WARN_64_TO_32_BIT_CONVERSION = YES;
				GCC_WARN_ABOUT_RETURN_TYPE = YES_ERROR;
				GCC_WARN_UNDECLARED_SELECTOR = YES;
				GCC_WARN_UNINITIALIZED_AUTOS = YES_AGGRESSIVE;
				GCC_WARN_UNUSED_FUNCTION = YES;
				GCC_WARN_UNUSED_VARIABLE = YES;
				IPHONEOS_DEPLOYMENT_TARGET = 8.1;
				MTL_ENABLE_DEBUG_INFO = NO;
				SDKROOT = iphoneos;
				VALIDATE_PRODUCT = YES;
			};
			name = Release;
		};
		80A253091A7C1CDE00F2B992 /* Debug */ = {
			isa = XCBuildConfiguration;
			buildSettings = {
				ASSETCATALOG_COMPILER_APPICON_NAME = AppIcon;
				INFOPLIST_FILE = poopn/Info.plist;
				LD_RUNPATH_SEARCH_PATHS = "$(inherited) @executable_path/Frameworks";
				PRODUCT_NAME = "$(TARGET_NAME)";
			};
			name = Debug;
		};
		80A2530A1A7C1CDE00F2B992 /* Release */ = {
			isa = XCBuildConfiguration;
			buildSettings = {
				ASSETCATALOG_COMPILER_APPICON_NAME = AppIcon;
				INFOPLIST_FILE = poopn/Info.plist;
				LD_RUNPATH_SEARCH_PATHS = "$(inherited) @executable_path/Frameworks";
				PRODUCT_NAME = "$(TARGET_NAME)";
			};
			name = Release;
		};
		80A2530C1A7C1CDE00F2B992 /* Debug */ = {
			isa = XCBuildConfiguration;
			buildSettings = {
				BUNDLE_LOADER = "$(TEST_HOST)";
				FRAMEWORK_SEARCH_PATHS = (
					"$(SDKROOT)/Developer/Library/Frameworks",
					"$(inherited)",
				);
				GCC_PREPROCESSOR_DEFINITIONS = (
					"DEBUG=1",
					"$(inherited)",
				);
				INFOPLIST_FILE = poopnTests/Info.plist;
				LD_RUNPATH_SEARCH_PATHS = "$(inherited) @executable_path/Frameworks @loader_path/Frameworks";
				PRODUCT_NAME = "$(TARGET_NAME)";
				TEST_HOST = "$(BUILT_PRODUCTS_DIR)/poopn.app/poopn";
			};
			name = Debug;
		};
		80A2530D1A7C1CDE00F2B992 /* Release */ = {
			isa = XCBuildConfiguration;
			buildSettings = {
				BUNDLE_LOADER = "$(TEST_HOST)";
				FRAMEWORK_SEARCH_PATHS = (
					"$(SDKROOT)/Developer/Library/Frameworks",
					"$(inherited)",
				);
				INFOPLIST_FILE = poopnTests/Info.plist;
				LD_RUNPATH_SEARCH_PATHS = "$(inherited) @executable_path/Frameworks @loader_path/Frameworks";
				PRODUCT_NAME = "$(TARGET_NAME)";
				TEST_HOST = "$(BUILT_PRODUCTS_DIR)/poopn.app/poopn";
			};
			name = Release;
		};
/* End XCBuildConfiguration section */

/* Begin XCConfigurationList section */
		80A252E11A7C1CDE00F2B992 /* Build configuration list for PBXProject "poopn" */ = {
			isa = XCConfigurationList;
			buildConfigurations = (
				80A253061A7C1CDE00F2B992 /* Debug */,
				80A253071A7C1CDE00F2B992 /* Release */,
			);
			defaultConfigurationIsVisible = 0;
			defaultConfigurationName = Release;
		};
		80A253081A7C1CDE00F2B992 /* Build configuration list for PBXNativeTarget "poopn" */ = {
			isa = XCConfigurationList;
			buildConfigurations = (
				80A253091A7C1CDE00F2B992 /* Debug */,
				80A2530A1A7C1CDE00F2B992 /* Release */,
			);
			defaultConfigurationIsVisible = 0;
		};
		80A2530B1A7C1CDE00F2B992 /* Build configuration list for PBXNativeTarget "poopnTests" */ = {
			isa = XCConfigurationList;
			buildConfigurations = (
				80A2530C1A7C1CDE00F2B992 /* Debug */,
				80A2530D1A7C1CDE00F2B992 /* Release */,
			);
			defaultConfigurationIsVisible = 0;
		};
/* End XCConfigurationList section */

/* Begin XCVersionGroup section */
		80A252ED1A7C1CDE00F2B992 /* poopn.xcdatamodeld */ = {
			isa = XCVersionGroup;
			children = (
				80A252EE1A7C1CDE00F2B992 /* poopn.xcdatamodel */,
			);
			currentVersion = 80A252EE1A7C1CDE00F2B992 /* poopn.xcdatamodel */;
			path = poopn.xcdatamodeld;
			sourceTree = "<group>";
			versionGroupType = wrapper.xcdatamodel;
		};
/* End XCVersionGroup section */
	};
	rootObject = 80A252DE1A7C1CDE00F2B992 /* Project object */;
}
